
Microsoft Visual Studio Solution File, Format Version 12.00
# Visual Studio Version 16
VisualStudioVersion = 16.0.30114.105
MinimumVisualStudioVersion = 10.0.40219.1
Project("{FAE04EC0-301F-11D3-BF4B-00C04F79EFBC}") = "Zonorai.Tenants.Domain", "Zonorai.Tenants.Domain\Zonorai.Tenants.Domain.csproj", "{65EA8A68-A78C-4332-864F-49DAFBD58CBC}"
EndProject
Project("{FAE04EC0-301F-11D3-BF4B-00C04F79EFBC}") = "Zonorai.Tenants.Application", "Zonorai.Tenants.Application\Zonorai.Tenants.Application.csproj", "{6F56C4DE-5C70-40C8-BA0B-4BFDE148FC90}"
EndProject
Project("{FAE04EC0-301F-11D3-BF4B-00C04F79EFBC}") = "Zonorai.Tenants.Infrastructure", "Zonorai.Tenants.Infrastructure\Zonorai.Tenants.Infrastructure.csproj", "{C6B07F74-4934-4F48-AF4B-EE3BB31FF315}"
EndProject
Project("{FAE04EC0-301F-11D3-BF4B-00C04F79EFBC}") = "Zonorai.Tenants.ApplicationInterface", "Zonorai.Tenants.ApplicationInterface\Zonorai.Tenants.ApplicationInterface.csproj", "{0CFC14AF-590A-451D-BB01-479CDB58AA9E}"
EndProject
Project("{FAE04EC0-301F-11D3-BF4B-00C04F79EFBC}") = "Zonorai.Tenants", "Zonorai.Tenants\Zonorai.Tenants.csproj", "{B2697D48-5245-4112-BDD2-250FACB11B22}"
EndProject
Project("{FAE04EC0-301F-11D3-BF4B-00C04F79EFBC}") = "Zonorai.Tenants.Net6WebApi", "Zonorai.Tenants.Net6WebApi\Zonorai.Tenants.Net6WebApi.csproj", "{A94C9B08-6BA4-468B-843D-3959125C4AAB}"
EndProject
Project("{2150E333-8FDC-42A3-9474-1A3956D46DE8}") = "Tests", "Tests", "{D9F47288-1BDF-4485-8688-39297B4BA486}"
EndProject
Project("{FAE04EC0-301F-11D3-BF4B-00C04F79EFBC}") = "Zonorai.Tenants.IntegrationTestsNet6", "Tests\Zonorai.Tenants.IntegrationTestsNet6\Zonorai.Tenants.IntegrationTestsNet6.csproj", "{E7EE2621-9651-4D82-96C4-5127BC38140B}"
EndProject
Project("{FAE04EC0-301F-11D3-BF4B-00C04F79EFBC}") = "Zonorai.Tenants.Migrations.SqlServer", "Zonorai.Tenants.Migrations.SqlServer\Zonorai.Tenants.Migrations.SqlServer.csproj", "{B1F6FEFD-1136-412D-AC79-8353F9B46315}"
EndProject
Project("{FAE04EC0-301F-11D3-BF4B-00C04F79EFBC}") = "Zonorai.Tenants.Migrations.SqlLite", "Zonorai.Tenants.Migrations.SqlLite\Zonorai.Tenants.Migrations.SqlLite.csproj", "{5C0A69C7-BDA3-457E-BB0D-FF2AB2F85574}"
EndProject
Project("{FAE04EC0-301F-11D3-BF4B-00C04F79EFBC}") = "Zonorai.Tenants.Migrations.PostgreSQL", "Zonorai.Tenants.Migrations.PostgreSQL\Zonorai.Tenants.Migrations.PostgreSQL.csproj", "{E413EFA9-D668-4ACE-A307-AE75BE1EF174}"
EndProject
Global
	GlobalSection(SolutionConfigurationPlatforms) = preSolution
		Debug|Any CPU = Debug|Any CPU
		Release|Any CPU = Release|Any CPU
	EndGlobalSection
	GlobalSection(SolutionProperties) = preSolution
		HideSolutionNode = FALSE
	EndGlobalSection
	GlobalSection(ProjectConfigurationPlatforms) = postSolution
		{65EA8A68-A78C-4332-864F-49DAFBD58CBC}.Debug|Any CPU.ActiveCfg = Debug|Any CPU
		{65EA8A68-A78C-4332-864F-49DAFBD58CBC}.Debug|Any CPU.Build.0 = Debug|Any CPU
		{65EA8A68-A78C-4332-864F-49DAFBD58CBC}.Release|Any CPU.ActiveCfg = Release|Any CPU
		{65EA8A68-A78C-4332-864F-49DAFBD58CBC}.Release|Any CPU.Build.0 = Release|Any CPU
		{6F56C4DE-5C70-40C8-BA0B-4BFDE148FC90}.Debug|Any CPU.ActiveCfg = Debug|Any CPU
		{6F56C4DE-5C70-40C8-BA0B-4BFDE148FC90}.Debug|Any CPU.Build.0 = Debug|Any CPU
		{6F56C4DE-5C70-40C8-BA0B-4BFDE148FC90}.Release|Any CPU.ActiveCfg = Release|Any CPU
		{6F56C4DE-5C70-40C8-BA0B-4BFDE148FC90}.Release|Any CPU.Build.0 = Release|Any CPU
		{C6B07F74-4934-4F48-AF4B-EE3BB31FF315}.Debug|Any CPU.ActiveCfg = Debug|Any CPU
		{C6B07F74-4934-4F48-AF4B-EE3BB31FF315}.Debug|Any CPU.Build.0 = Debug|Any CPU
		{C6B07F74-4934-4F48-AF4B-EE3BB31FF315}.Release|Any CPU.ActiveCfg = Release|Any CPU
		{C6B07F74-4934-4F48-AF4B-EE3BB31FF315}.Release|Any CPU.Build.0 = Release|Any CPU
		{0CFC14AF-590A-451D-BB01-479CDB58AA9E}.Debug|Any CPU.ActiveCfg = Debug|Any CPU
		{0CFC14AF-590A-451D-BB01-479CDB58AA9E}.Debug|Any CPU.Build.0 = Debug|Any CPU
		{0CFC14AF-590A-451D-BB01-479CDB58AA9E}.Release|Any CPU.ActiveCfg = Release|Any CPU
		{0CFC14AF-590A-451D-BB01-479CDB58AA9E}.Release|Any CPU.Build.0 = Release|Any CPU
		{B2697D48-5245-4112-BDD2-250FACB11B22}.Debug|Any CPU.ActiveCfg = Debug|Any CPU
		{B2697D48-5245-4112-BDD2-250FACB11B22}.Debug|Any CPU.Build.0 = Debug|Any CPU
		{B2697D48-5245-4112-BDD2-250FACB11B22}.Release|Any CPU.ActiveCfg = Release|Any CPU
		{B2697D48-5245-4112-BDD2-250FACB11B22}.Release|Any CPU.Build.0 = Release|Any CPU
		{A94C9B08-6BA4-468B-843D-3959125C4AAB}.Debug|Any CPU.ActiveCfg = Debug|Any CPU
		{A94C9B08-6BA4-468B-843D-3959125C4AAB}.Debug|Any CPU.Build.0 = Debug|Any CPU
		{A94C9B08-6BA4-468B-843D-3959125C4AAB}.Release|Any CPU.ActiveCfg = Release|Any CPU
		{A94C9B08-6BA4-468B-843D-3959125C4AAB}.Release|Any CPU.Build.0 = Release|Any CPU
		{E7EE2621-9651-4D82-96C4-5127BC38140B}.Debug|Any CPU.ActiveCfg = Debug|Any CPU
		{E7EE2621-9651-4D82-96C4-5127BC38140B}.Debug|Any CPU.Build.0 = Debug|Any CPU
		{E7EE2621-9651-4D82-96C4-5127BC38140B}.Release|Any CPU.ActiveCfg = Release|Any CPU
		{E7EE2621-9651-4D82-96C4-5127BC38140B}.Release|Any CPU.Build.0 = Release|Any CPU
		{B1F6FEFD-1136-412D-AC79-8353F9B46315}.Debug|Any CPU.ActiveCfg = Debug|Any CPU
		{B1F6FEFD-1136-412D-AC79-8353F9B46315}.Debug|Any CPU.Build.0 = Debug|Any CPU
		{B1F6FEFD-1136-412D-AC79-8353F9B46315}.Release|Any CPU.ActiveCfg = Release|Any CPU
		{B1F6FEFD-1136-412D-AC79-8353F9B46315}.Release|Any CPU.Build.0 = Release|Any CPU
		{5C0A69C7-BDA3-457E-BB0D-FF2AB2F85574}.Debug|Any CPU.ActiveCfg = Debug|Any CPU
		{5C0A69C7-BDA3-457E-BB0D-FF2AB2F85574}.Debug|Any CPU.Build.0 = Debug|Any CPU
		{5C0A69C7-BDA3-457E-BB0D-FF2AB2F85574}.Release|Any CPU.ActiveCfg = Release|Any CPU
		{5C0A69C7-BDA3-457E-BB0D-FF2AB2F85574}.Release|Any CPU.Build.0 = Release|Any CPU
		{E413EFA9-D668-4ACE-A307-AE75BE1EF174}.Debug|Any CPU.ActiveCfg = Debug|Any CPU
		{E413EFA9-D668-4ACE-A307-AE75BE1EF174}.Debug|Any CPU.Build.0 = Debug|Any CPU
		{E413EFA9-D668-4ACE-A307-AE75BE1EF174}.Release|Any CPU.ActiveCfg = Release|Any CPU
		{E413EFA9-D668-4ACE-A307-AE75BE1EF174}.Release|Any CPU.Build.0 = Release|Any CPU
	EndGlobalSection
	GlobalSection(NestedProjects) = preSolution
		{E7EE2621-9651-4D82-96C4-5127BC38140B} = {D9F47288-1BDF-4485-8688-39297B4BA486}
	EndGlobalSection
EndGlobal
