
Microsoft Visual Studio Solution File, Format Version 12.00
# Visual Studio Version 16
VisualStudioVersion = 16.0.30114.105
MinimumVisualStudioVersion = 10.0.40219.1
Project("{FAE04EC0-301F-11D3-BF4B-00C04F79EFBC}") = "Zonorai.Tenants.Domain", "Zonorai.Tenants.Domain\Zonorai.Tenants.Domain.csproj", "{65EA8A68-A78C-4332-864F-49DAFBD58CBC}"
EndProject
Project("{FAE04EC0-301F-11D3-BF4B-00C04F79EFBC}") = "Zonorai.Tenants.Application", "Zonorai.Tenants.Application\Zonorai.Tenants.Application.csproj", "{6F56C4DE-5C70-40C8-BA0B-4BFDE148FC90}"
EndProject
Project("{FAE04EC0-301F-11D3-BF4B-00C04F79EFBC}") = "Zonorai.Tenants.Infrastructure", "Zonorai.Tenants.Infrastructure\Zonorai.Tenants.Infrastructure.csproj", "{C6B07F74-4934-4F48-AF4B-EE3BB31FF315}"
EndProject
Project("{FAE04EC0-301F-11D3-BF4B-00C04F79EFBC}") = "Zonorai.Tenants.ApplicationInterface", "Zonorai.Tenants.ApplicationInterface\Zonorai.Tenants.ApplicationInterface.csproj", "{0CFC14AF-590A-451D-BB01-479CDB58AA9E}"
EndProject
Project("{FAE04EC0-301F-11D3-BF4B-00C04F79EFBC}") = "Zonorai.Tenants", "Zonorai.Tenants\Zonorai.Tenants.csproj", "{B2697D48-5245-4112-BDD2-250FACB11B22}"
EndProject
Project("{FAE04EC0-301F-11D3-BF4B-00C04F79EFBC}") = "Zonorai.Tenants.TestMigrationsWebApi", "Zonorai.Tenants.TestMigrationsWebApi\Zonorai.Tenants.TestMigrationsWebApi.csproj", "{A94C9B08-6BA4-468B-843D-3959125C4AAB}"
EndProject
Project("{2150E333-8FDC-42A3-9474-1A3956D46DE8}") = "Tests", "Tests", "{D9F47288-1BDF-4485-8688-39297B4BA486}"
EndProject
Global
	GlobalSection(SolutionConfigurationPlatforms) = preSolution
		Debug|Any CPU = Debug|Any CPU
		Release|Any CPU = Release|Any CPU
	EndGlobalSection
	GlobalSection(SolutionProperties) = preSolution
		HideSolutionNode = FALSE
	EndGlobalSection
	GlobalSection(ProjectConfigurationPlatforms) = postSolution
		{65EA8A68-A78C-4332-864F-49DAFBD58CBC}.Debug|Any CPU.ActiveCfg = Debug|Any CPU
		{65EA8A68-A78C-4332-864F-49DAFBD58CBC}.Debug|Any CPU.Build.0 = Debug|Any CPU
		{65EA8A68-A78C-4332-864F-49DAFBD58CBC}.Release|Any CPU.ActiveCfg = Release|Any CPU
		{65EA8A68-A78C-4332-864F-49DAFBD58CBC}.Release|Any CPU.Build.0 = Release|Any CPU
		{6F56C4DE-5C70-40C8-BA0B-4BFDE148FC90}.Debug|Any CPU.ActiveCfg = Debug|Any CPU
		{6F56C4DE-5C70-40C8-BA0B-4BFDE148FC90}.Debug|Any CPU.Build.0 = Debug|Any CPU
		{6F56C4DE-5C70-40C8-BA0B-4BFDE148FC90}.Release|Any CPU.ActiveCfg = Release|Any CPU
		{6F56C4DE-5C70-40C8-BA0B-4BFDE148FC90}.Release|Any CPU.Build.0 = Release|Any CPU
		{C6B07F74-4934-4F48-AF4B-EE3BB31FF315}.Debug|Any CPU.ActiveCfg = Debug|Any CPU
		{C6B07F74-4934-4F48-AF4B-EE3BB31FF315}.Debug|Any CPU.Build.0 = Debug|Any CPU
		{C6B07F74-4934-4F48-AF4B-EE3BB31FF315}.Release|Any CPU.ActiveCfg = Release|Any CPU
		{C6B07F74-4934-4F48-AF4B-EE3BB31FF315}.Release|Any CPU.Build.0 = Release|Any CPU
		{0CFC14AF-590A-451D-BB01-479CDB58AA9E}.Debug|Any CPU.ActiveCfg = Debug|Any CPU
		{0CFC14AF-590A-451D-BB01-479CDB58AA9E}.Debug|Any CPU.Build.0 = Debug|Any CPU
		{0CFC14AF-590A-451D-BB01-479CDB58AA9E}.Release|Any CPU.ActiveCfg = Release|Any CPU
		{0CFC14AF-590A-451D-BB01-479CDB58AA9E}.Release|Any CPU.Build.0 = Release|Any CPU
		{B2697D48-5245-4112-BDD2-250FACB11B22}.Debug|Any CPU.ActiveCfg = Debug|Any CPU
		{B2697D48-5245-4112-BDD2-250FACB11B22}.Debug|Any CPU.Build.0 = Debug|Any CPU
		{B2697D48-5245-4112-BDD2-250FACB11B22}.Release|Any CPU.ActiveCfg = Release|Any CPU
		{B2697D48-5245-4112-BDD2-250FACB11B22}.Release|Any CPU.Build.0 = Release|Any CPU
		{A94C9B08-6BA4-468B-843D-3959125C4AAB}.Debug|Any CPU.ActiveCfg = Debug|Any CPU
		{A94C9B08-6BA4-468B-843D-3959125C4AAB}.Debug|Any CPU.Build.0 = Debug|Any CPU
		{A94C9B08-6BA4-468B-843D-3959125C4AAB}.Release|Any CPU.ActiveCfg = Release|Any CPU
		{A94C9B08-6BA4-468B-843D-3959125C4AAB}.Release|Any CPU.Build.0 = Release|Any CPU
	EndGlobalSection
EndGlobal
